// !$*UTF8*$!
{
	archiveVersion = 1;
	classes = {
	};
	objectVersion = 77;
	objects = {

/* Begin PBXBuildFile section */
		591BB34F2EF064DD0002DFF8 /* ButtonView.swift in Sources */ = {isa = PBXBuildFile; fileRef = 591BB33B2EF064DD0002DFF8 /* ButtonView.swift */; };
		591BB3502EF064DD0002DFF8 /* UIStackView+Subviews.swift in Sources */ = {isa = PBXBuildFile; fileRef = 591BB33D2EF064DD0002DFF8 /* UIStackView+Subviews.swift */; };
		591BB3512EF064DD0002DFF8 /* UIView+Subviews.swift in Sources */ = {isa = PBXBuildFile; fileRef = 591BB33E2EF064DD0002DFF8 /* UIView+Subviews.swift */; };
		591BB3522EF064DD0002DFF8 /* Helper.swift in Sources */ = {isa = PBXBuildFile; fileRef = 591BB3452EF064DD0002DFF8 /* Helper.swift */; };
		591BB3532EF064DD0002DFF8 /* Person.swift in Sources */ = {isa = PBXBuildFile; fileRef = 591BB3462EF064DD0002DFF8 /* Person.swift */; };
		591BB3542EF064DD0002DFF8 /* User.swift in Sources */ = {isa = PBXBuildFile; fileRef = 591BB3472EF064DD0002DFF8 /* User.swift */; };
		591BB3552EF064DD0002DFF8 /* UserRepository.swift in Sources */ = {isa = PBXBuildFile; fileRef = 591BB3482EF064DD0002DFF8 /* UserRepository.swift */; };
		591BB3562EF064DD0002DFF8 /* ViewController.swift in Sources */ = {isa = PBXBuildFile; fileRef = 591BB34A2EF064DD0002DFF8 /* ViewController.swift */; };
		591BB3572EF064DD0002DFF8 /* AppDelegate.swift in Sources */ = {isa = PBXBuildFile; fileRef = 591BB34C2EF064DD0002DFF8 /* AppDelegate.swift */; };
		591BB3582EF064DD0002DFF8 /* SceneDelegate.swift in Sources */ = {isa = PBXBuildFile; fileRef = 591BB34D2EF064DD0002DFF8 /* SceneDelegate.swift */; };
		591BB3592EF064DD0002DFF8 /* Assets.xcassets in Resources */ = {isa = PBXBuildFile; fileRef = 591BB3402EF064DD0002DFF8 /* Assets.xcassets */; };
		591BB35B2EF064DD0002DFF8 /* LaunchScreen.storyboard in Resources */ = {isa = PBXBuildFile; fileRef = 591BB3432EF064DD0002DFF8 /* LaunchScreen.storyboard */; };
/* End PBXBuildFile section */

/* Begin PBXFileReference section */
		591BB33B2EF064DD0002DFF8 /* ButtonView.swift */ = {isa = PBXFileReference; lastKnownFileType = sourcecode.swift; path = ButtonView.swift; sourceTree = "<group>"; };
		591BB33D2EF064DD0002DFF8 /* UIStackView+Subviews.swift */ = {isa = PBXFileReference; lastKnownFileType = sourcecode.swift; path = "UIStackView+Subviews.swift"; sourceTree = "<group>"; };
		591BB33E2EF064DD0002DFF8 /* UIView+Subviews.swift */ = {isa = PBXFileReference; lastKnownFileType = sourcecode.swift; path = "UIView+Subviews.swift"; sourceTree = "<group>"; };
		591BB3402EF064DD0002DFF8 /* Assets.xcassets */ = {isa = PBXFileReference; lastKnownFileType = folder.assetcatalog; path = Assets.xcassets; sourceTree = "<group>"; };
		591BB3412EF064DD0002DFF8 /* Info.plist */ = {isa = PBXFileReference; lastKnownFileType = text.plist.xml; path = Info.plist; sourceTree = "<group>"; };
		591BB3422EF064DD0002DFF8 /* Base */ = {isa = PBXFileReference; lastKnownFileType = file.storyboard; name = Base; path = Base.lproj/LaunchScreen.storyboard; sourceTree = "<group>"; };
		591BB3452EF064DD0002DFF8 /* Helper.swift */ = {isa = PBXFileReference; lastKnownFileType = sourcecode.swift; path = Helper.swift; sourceTree = "<group>"; };
		591BB3462EF064DD0002DFF8 /* Person.swift */ = {isa = PBXFileReference; lastKnownFileType = sourcecode.swift; path = Person.swift; sourceTree = "<group>"; };
		591BB3472EF064DD0002DFF8 /* User.swift */ = {isa = PBXFileReference; lastKnownFileType = sourcecode.swift; path = User.swift; sourceTree = "<group>"; };
		591BB3482EF064DD0002DFF8 /* UserRepository.swift */ = {isa = PBXFileReference; lastKnownFileType = sourcecode.swift; path = UserRepository.swift; sourceTree = "<group>"; };
		591BB34A2EF064DD0002DFF8 /* ViewController.swift */ = {isa = PBXFileReference; lastKnownFileType = sourcecode.swift; path = ViewController.swift; sourceTree = "<group>"; };
		591BB34C2EF064DD0002DFF8 /* AppDelegate.swift */ = {isa = PBXFileReference; lastKnownFileType = sourcecode.swift; path = AppDelegate.swift; sourceTree = "<group>"; };
		591BB34D2EF064DD0002DFF8 /* SceneDelegate.swift */ = {isa = PBXFileReference; lastKnownFileType = sourcecode.swift; path = SceneDelegate.swift; sourceTree = "<group>"; };
		59FD9B172E917A29006827AE /* leafFern.app */ = {isa = PBXFileReference; explicitFileType = wrapper.application; includeInIndex = 0; path = leafFern.app; sourceTree = BUILT_PRODUCTS_DIR; };
/* End PBXFileReference section */

/* Begin PBXFrameworksBuildPhase section */
		59FD9B142E917A29006827AE /* Frameworks */ = {
			isa = PBXFrameworksBuildPhase;
			buildActionMask = 2147483647;
			files = (
			);
			runOnlyForDeploymentPostprocessing = 0;
		};
/* End PBXFrameworksBuildPhase section */

/* Begin PBXGroup section */
		591BB33C2EF064DD0002DFF8 /* CustomElements */ = {
			isa = PBXGroup;
			children = (
				591BB33B2EF064DD0002DFF8 /* ButtonView.swift */,
			);
			path = CustomElements;
			sourceTree = "<group>";
		};
		591BB33F2EF064DD0002DFF8 /* Extensions */ = {
			isa = PBXGroup;
			children = (
				591BB33D2EF064DD0002DFF8 /* UIStackView+Subviews.swift */,
				591BB33E2EF064DD0002DFF8 /* UIView+Subviews.swift */,
			);
			path = Extensions;
			sourceTree = "<group>";
		};
		591BB3442EF064DD0002DFF8 /* Resources */ = {
			isa = PBXGroup;
			children = (
				591BB3402EF064DD0002DFF8 /* Assets.xcassets */,
				591BB3412EF064DD0002DFF8 /* Info.plist */,
				591BB3432EF064DD0002DFF8 /* LaunchScreen.storyboard */,
			);
			path = Resources;
			sourceTree = "<group>";
		};
		591BB3492EF064DD0002DFF8 /* Services */ = {
			isa = PBXGroup;
			children = (
				591BB3452EF064DD0002DFF8 /* Helper.swift */,
				591BB3462EF064DD0002DFF8 /* Person.swift */,
				591BB3472EF064DD0002DFF8 /* User.swift */,
				591BB3482EF064DD0002DFF8 /* UserRepository.swift */,
			);
			path = Services;
			sourceTree = "<group>";
		};
		591BB34B2EF064DD0002DFF8 /* ViewControllers */ = {
			isa = PBXGroup;
			children = (
				591BB34A2EF064DD0002DFF8 /* ViewController.swift */,
			);
			path = ViewControllers;
			sourceTree = "<group>";
		};
		591BB34E2EF064DD0002DFF8 /* leafFern */ = {
			isa = PBXGroup;
			children = (
				591BB33C2EF064DD0002DFF8 /* CustomElements */,
				591BB33F2EF064DD0002DFF8 /* Extensions */,
				591BB3492EF064DD0002DFF8 /* Services */,
				591BB3442EF064DD0002DFF8 /* Resources */,
				591BB34B2EF064DD0002DFF8 /* ViewControllers */,
				591BB34C2EF064DD0002DFF8 /* AppDelegate.swift */,
				591BB34D2EF064DD0002DFF8 /* SceneDelegate.swift */,
			);
			path = leafFern;
			sourceTree = "<group>";
		};
		59FD9B0E2E917A29006827AE = {
			isa = PBXGroup;
			children = (
				591BB34E2EF064DD0002DFF8 /* leafFern */,
				59FD9B182E917A29006827AE /* Products */,
			);
			sourceTree = "<group>";
		};
		59FD9B182E917A29006827AE /* Products */ = {
			isa = PBXGroup;
			children = (
				59FD9B172E917A29006827AE /* leafFern.app */,
			);
			name = Products;
			sourceTree = "<group>";
		};
/* End PBXGroup section */

/* Begin PBXNativeTarget section */
		59FD9B162E917A29006827AE /* leafFern */ = {
			isa = PBXNativeTarget;
			buildConfigurationList = 59FD9B2A2E917A2A006827AE /* Build configuration list for PBXNativeTarget "leafFern" */;
			buildPhases = (
				59FD9B132E917A29006827AE /* Sources */,
				59FD9B142E917A29006827AE /* Frameworks */,
				59FD9B152E917A29006827AE /* Resources */,
			);
			buildRules = (
			);
			dependencies = (
			);
			name = leafFern;
			packageProductDependencies = (
			);
			productName = leafFern;
			productReference = 59FD9B172E917A29006827AE /* leafFern.app */;
			productType = "com.apple.product-type.application";
		};
/* End PBXNativeTarget section */

/* Begin PBXProject section */
		59FD9B0F2E917A29006827AE /* Project object */ = {
			isa = PBXProject;
			attributes = {
				BuildIndependentTargetsInParallel = 1;
				LastSwiftUpdateCheck = 1640;
				LastUpgradeCheck = 1640;
				TargetAttributes = {
					59FD9B162E917A29006827AE = {
						CreatedOnToolsVersion = 16.4;
					};
				};
			};
			buildConfigurationList = 59FD9B122E917A29006827AE /* Build configuration list for PBXProject "leafFern" */;
			developmentRegion = en;
			hasScannedForEncodings = 0;
			knownRegions = (
				en,
				Base,
			);
			mainGroup = 59FD9B0E2E917A29006827AE;
			minimizedProjectReferenceProxies = 1;
			preferredProjectObjectVersion = 77;
			productRefGroup = 59FD9B182E917A29006827AE /* Products */;
			projectDirPath = "";
			projectRoot = "";
			targets = (
				59FD9B162E917A29006827AE /* leafFern */,
			);
		};
/* End PBXProject section */

/* Begin PBXResourcesBuildPhase section */
		59FD9B152E917A29006827AE /* Resources */ = {
			isa = PBXResourcesBuildPhase;
			buildActionMask = 2147483647;
			files = (
				591BB3592EF064DD0002DFF8 /* Assets.xcassets in Resources */,
				591BB35B2EF064DD0002DFF8 /* LaunchScreen.storyboard in Resources */,
			);
			runOnlyForDeploymentPostprocessing = 0;
		};
/* End PBXResourcesBuildPhase section */

/* Begin PBXSourcesBuildPhase section */
		59FD9B132E917A29006827AE /* Sources */ = {
			isa = PBXSourcesBuildPhase;
			buildActionMask = 2147483647;
			files = (
				591BB34F2EF064DD0002DFF8 /* ButtonView.swift in Sources */,
				591BB3502EF064DD0002DFF8 /* UIStackView+Subviews.swift in Sources */,
				591BB3512EF064DD0002DFF8 /* UIView+Subviews.swift in Sources */,
				591BB3522EF064DD0002DFF8 /* Helper.swift in Sources */,
				591BB3532EF064DD0002DFF8 /* Person.swift in Sources */,
				591BB3542EF064DD0002DFF8 /* User.swift in Sources */,
				591BB3552EF064DD0002DFF8 /* UserRepository.swift in Sources */,
				591BB3562EF064DD0002DFF8 /* ViewController.swift in Sources */,
				591BB3572EF064DD0002DFF8 /* AppDelegate.swift in Sources */,
				591BB3582EF064DD0002DFF8 /* SceneDelegate.swift in Sources */,
			);
			runOnlyForDeploymentPostprocessing = 0;
		};
/* End PBXSourcesBuildPhase section */

/* Begin PBXVariantGroup section */
		591BB3432EF064DD0002DFF8 /* LaunchScreen.storyboard */ = {
			isa = PBXVariantGroup;
			children = (
				591BB3422EF064DD0002DFF8 /* Base */,
			);
			name = LaunchScreen.storyboard;
			sourceTree = "<group>";
		};
/* End PBXVariantGroup section */

/* Begin XCBuildConfiguration section */
		59FD9B2B2E917A2A006827AE /* Debug */ = {
			isa = XCBuildConfiguration;
			buildSettings = {
				ASSETCATALOG_COMPILER_APPICON_NAME = AppIcon;
				ASSETCATALOG_COMPILER_GLOBAL_ACCENT_COLOR_NAME = AccentColor;
				CODE_SIGN_STYLE = Automatic;
				CURRENT_PROJECT_VERSION = 1;
				DEVELOPMENT_TEAM = S933W8QMA7;
				GENERATE_INFOPLIST_FILE = YES;
				INFOPLIST_FILE = leafFern/Resources/Info.plist;
				INFOPLIST_KEY_UIApplicationSupportsIndirectInputEvents = YES;
				INFOPLIST_KEY_UILaunchStoryboardName = LaunchScreen;
				INFOPLIST_KEY_UISupportedInterfaceOrientations_iPad = "UIInterfaceOrientationPortrait UIInterfaceOrientationPortraitUpsideDown UIInterfaceOrientationLandscapeLeft UIInterfaceOrientationLandscapeRight";
				INFOPLIST_KEY_UISupportedInterfaceOrientations_iPhone = "UIInterfaceOrientationPortrait UIInterfaceOrientationLandscapeLeft UIInterfaceOrientationLandscapeRight";
				LD_RUNPATH_SEARCH_PATHS = (
					"$(inherited)",
					"@executable_path/Frameworks",
				);
				MARKETING_VERSION = 1.0;
				PRODUCT_BUNDLE_IDENTIFIER = bb.leafFern;
				PRODUCT_NAME = "$(TARGET_NAME)";
				SUPPORTED_PLATFORMS = "iphoneos iphonesimulator";
				SUPPORTS_MACCATALYST = NO;
				SUPPORTS_MAC_DESIGNED_FOR_IPHONE_IPAD = NO;
				SUPPORTS_XR_DESIGNED_FOR_IPHONE_IPAD = NO;
				SWIFT_EMIT_LOC_STRINGS = YES;
				SWIFT_VERSION = 5.0;
				TARGETED_DEVICE_FAMILY = 1;
			};
			name = Debug;
		};
		59FD9B2C2E917A2A006827AE /* Release */ = {
			isa = XCBuildConfiguration;
			buildSettings = {
				ASSETCATALOG_COMPILER_APPICON_NAME = AppIcon;
				ASSETCATALOG_COMPILER_GLOBAL_ACCENT_COLOR_NAME = AccentColor;
				CODE_SIGN_STYLE = Automatic;
				CURRENT_PROJECT_VERSION = 1;
				DEVELOPMENT_TEAM = S933W8QMA7;
				GENERATE_INFOPLIST_FILE = YES;
				INFOPLIST_FILE = leafFern/Resources/Info.plist;
				INFOPLIST_KEY_UIApplicationSupportsIndirectInputEvents = YES;
				INFOPLIST_KEY_UILaunchStoryboardName = LaunchScreen;
				INFOPLIST_KEY_UISupportedInterfaceOrientations_iPad = "UIInterfaceOrientationPortrait UIInterfaceOrientationPortraitUpsideDown UIInterfaceOrientationLandscapeLeft UIInterfaceOrientationLandscapeRight";
				INFOPLIST_KEY_UISupportedInterfaceOrientations_iPhone = "UIInterfaceOrientationPortrait UIInterfaceOrientationLandscapeLeft UIInterfaceOrientationLandscapeRight";
				LD_RUNPATH_SEARCH_PATHS = (
					"$(inherited)",
					"@executable_path/Frameworks",
				);
				MARKETING_VERSION = 1.0;
				PRODUCT_BUNDLE_IDENTIFIER = bb.leafFern;
				PRODUCT_NAME = "$(TARGET_NAME)";
				SUPPORTED_PLATFORMS = "iphoneos iphonesimulator";
				SUPPORTS_MACCATALYST = NO;
				SUPPORTS_MAC_DESIGNED_FOR_IPHONE_IPAD = NO;
				SUPPORTS_XR_DESIGNED_FOR_IPHONE_IPAD = NO;
				SWIFT_EMIT_LOC_STRINGS = YES;
				SWIFT_VERSION = 5.0;
				TARGETED_DEVICE_FAMILY = 1;
			};
			name = Release;
		};
		59FD9B2D2E917A2A006827AE /* Debug */ = {
			isa = XCBuildConfiguration;
			buildSettings = {
				ALWAYS_SEARCH_USER_PATHS = NO;
				ASSETCATALOG_COMPILER_GENERATE_SWIFT_ASSET_SYMBOL_EXTENSIONS = YES;
				CLANG_ANALYZER_NONNULL = YES;
				CLANG_ANALYZER_NUMBER_OBJECT_CONVERSION = YES_AGGRESSIVE;
				CLANG_CXX_LANGUAGE_STANDARD = "gnu++20";
				CLANG_ENABLE_MODULES = YES;
				CLANG_ENABLE_OBJC_ARC = YES;
				CLANG_ENABLE_OBJC_WEAK = YES;
				CLANG_WARN_BLOCK_CAPTURE_AUTORELEASING = YES;
				CLANG_WARN_BOOL_CONVERSION = YES;
				CLANG_WARN_COMMA = YES;
				CLANG_WARN_CONSTANT_CONVERSION = YES;
				CLANG_WARN_DEPRECATED_OBJC_IMPLEMENTATIONS = YES;
				CLANG_WARN_DIRECT_OBJC_ISA_USAGE = YES_ERROR;
				CLANG_WARN_DOCUMENTATION_COMMENTS = YES;
				CLANG_WARN_EMPTY_BODY = YES;
				CLANG_WARN_ENUM_CONVERSION = YES;
				CLANG_WARN_INFINITE_RECURSION = YES;
				CLANG_WARN_INT_CONVERSION = YES;
				CLANG_WARN_NON_LITERAL_NULL_CONVERSION = YES;
				CLANG_WARN_OBJC_IMPLICIT_RETAIN_SELF = YES;
				CLANG_WARN_OBJC_LITERAL_CONVERSION = YES;
				CLANG_WARN_OBJC_ROOT_CLASS = YES_ERROR;
				CLANG_WARN_QUOTED_INCLUDE_IN_FRAMEWORK_HEADER = YES;
				CLANG_WARN_RANGE_LOOP_ANALYSIS = YES;
				CLANG_WARN_STRICT_PROTOTYPES = YES;
				CLANG_WARN_SUSPICIOUS_MOVE = YES;
				CLANG_WARN_UNGUARDED_AVAILABILITY = YES_AGGRESSIVE;
				CLANG_WARN_UNREACHABLE_CODE = YES;
				CLANG_WARN__DUPLICATE_METHOD_MATCH = YES;
				COPY_PHASE_STRIP = NO;
				DEBUG_INFORMATION_FORMAT = dwarf;
				ENABLE_STRICT_OBJC_MSGSEND = YES;
				ENABLE_TESTABILITY = YES;
				ENABLE_USER_SCRIPT_SANDBOXING = YES;
				GCC_C_LANGUAGE_STANDARD = gnu17;
				GCC_DYNAMIC_NO_PIC = NO;
				GCC_NO_COMMON_BLOCKS = YES;
				GCC_OPTIMIZATION_LEVEL = 0;
				GCC_PREPROCESSOR_DEFINITIONS = (
					"DEBUG=1",
					"$(inherited)",
				);
				GCC_WARN_64_TO_32_BIT_CONVERSION = YES;
				GCC_WARN_ABOUT_RETURN_TYPE = YES_ERROR;
				GCC_WARN_UNDECLARED_SELECTOR = YES;
				GCC_WARN_UNINITIALIZED_AUTOS = YES_AGGRESSIVE;
				GCC_WARN_UNUSED_FUNCTION = YES;
				GCC_WARN_UNUSED_VARIABLE = YES;
				IPHONEOS_DEPLOYMENT_TARGET = 18.5;
				LOCALIZATION_PREFERS_STRING_CATALOGS = YES;
				MTL_ENABLE_DEBUG_INFO = INCLUDE_SOURCE;
				MTL_FAST_MATH = YES;
				ONLY_ACTIVE_ARCH = YES;
				SDKROOT = iphoneos;
				SWIFT_ACTIVE_COMPILATION_CONDITIONS = "DEBUG $(inherited)";
				SWIFT_OPTIMIZATION_LEVEL = "-Onone";
			};
			name = Debug;
		};
		59FD9B2E2E917A2A006827AE /* Release */ = {
			isa = XCBuildConfiguration;
			buildSettings = {
				ALWAYS_SEARCH_USER_PATHS = NO;
				ASSETCATALOG_COMPILER_GENERATE_SWIFT_ASSET_SYMBOL_EXTENSIONS = YES;
				CLANG_ANALYZER_NONNULL = YES;
				CLANG_ANALYZER_NUMBER_OBJECT_CONVERSION = YES_AGGRESSIVE;
				CLANG_CXX_LANGUAGE_STANDARD = "gnu++20";
				CLANG_ENABLE_MODULES = YES;
				CLANG_ENABLE_OBJC_ARC = YES;
				CLANG_ENABLE_OBJC_WEAK = YES;
				CLANG_WARN_BLOCK_CAPTURE_AUTORELEASING = YES;
				CLANG_WARN_BOOL_CONVERSION = YES;
				CLANG_WARN_COMMA = YES;
				CLANG_WARN_CONSTANT_CONVERSION = YES;
				CLANG_WARN_DEPRECATED_OBJC_IMPLEMENTATIONS = YES;
				CLANG_WARN_DIRECT_OBJC_ISA_USAGE = YES_ERROR;
				CLANG_WARN_DOCUMENTATION_COMMENTS = YES;
				CLANG_WARN_EMPTY_BODY = YES;
				CLANG_WARN_ENUM_CONVERSION = YES;
				CLANG_WARN_INFINITE_RECURSION = YES;
				CLANG_WARN_INT_CONVERSION = YES;
				CLANG_WARN_NON_LITERAL_NULL_CONVERSION = YES;
				CLANG_WARN_OBJC_IMPLICIT_RETAIN_SELF = YES;
				CLANG_WARN_OBJC_LITERAL_CONVERSION = YES;
				CLANG_WARN_OBJC_ROOT_CLASS = YES_ERROR;
				CLANG_WARN_QUOTED_INCLUDE_IN_FRAMEWORK_HEADER = YES;
				CLANG_WARN_RANGE_LOOP_ANALYSIS = YES;
				CLANG_WARN_STRICT_PROTOTYPES = YES;
				CLANG_WARN_SUSPICIOUS_MOVE = YES;
				CLANG_WARN_UNGUARDED_AVAILABILITY = YES_AGGRESSIVE;
				CLANG_WARN_UNREACHABLE_CODE = YES;
				CLANG_WARN__DUPLICATE_METHOD_MATCH = YES;
				COPY_PHASE_STRIP = NO;
				DEBUG_INFORMATION_FORMAT = "dwarf-with-dsym";
				ENABLE_NS_ASSERTIONS = NO;
				ENABLE_STRICT_OBJC_MSGSEND = YES;
				ENABLE_USER_SCRIPT_SANDBOXING = YES;
				GCC_C_LANGUAGE_STANDARD = gnu17;
				GCC_NO_COMMON_BLOCKS = YES;
				GCC_WARN_64_TO_32_BIT_CONVERSION = YES;
				GCC_WARN_ABOUT_RETURN_TYPE = YES_ERROR;
				GCC_WARN_UNDECLARED_SELECTOR = YES;
				GCC_WARN_UNINITIALIZED_AUTOS = YES_AGGRESSIVE;
				GCC_WARN_UNUSED_FUNCTION = YES;
				GCC_WARN_UNUSED_VARIABLE = YES;
				IPHONEOS_DEPLOYMENT_TARGET = 18.5;
				LOCALIZATION_PREFERS_STRING_CATALOGS = YES;
				MTL_ENABLE_DEBUG_INFO = NO;
				MTL_FAST_MATH = YES;
				SDKROOT = iphoneos;
				SWIFT_COMPILATION_MODE = wholemodule;
				VALIDATE_PRODUCT = YES;
			};
			name = Release;
		};
/* End XCBuildConfiguration section */

/* Begin XCConfigurationList section */
		59FD9B122E917A29006827AE /* Build configuration list for PBXProject "leafFern" */ = {
			isa = XCConfigurationList;
			buildConfigurations = (
				59FD9B2D2E917A2A006827AE /* Debug */,
				59FD9B2E2E917A2A006827AE /* Release */,
			);
			defaultConfigurationIsVisible = 0;
			defaultConfigurationName = Release;
		};
		59FD9B2A2E917A2A006827AE /* Build configuration list for PBXNativeTarget "leafFern" */ = {
			isa = XCConfigurationList;
			buildConfigurations = (
				59FD9B2B2E917A2A006827AE /* Debug */,
				59FD9B2C2E917A2A006827AE /* Release */,
			);
			defaultConfigurationIsVisible = 0;
			defaultConfigurationName = Release;
		};
/* End XCConfigurationList section */
	};
	rootObject = 59FD9B0F2E917A29006827AE /* Project object */;
}
